
Microsoft Visual Studio Solution File, Format Version 12.00
# Visual Studio Version 17
VisualStudioVersion = 17.0.31903.59
MinimumVisualStudioVersion = 10.0.40219.1
Project("{FAE04EC0-301F-11D3-BF4B-00C04F79EFBC}") = "Ex1", "Ex1\Ex1.csproj", "{11B7AAEF-69CF-48E4-A301-B48AFEEEC62E}"
EndProject
Global
	GlobalSection(SolutionConfigurationPlatforms) = preSolution
		Debug|Any CPU = Debug|Any CPU
		Release|Any CPU = Release|Any CPU
	EndGlobalSection
	GlobalSection(ProjectConfigurationPlatforms) = postSolution
		{11B7AAEF-69CF-48E4-A301-B48AFEEEC62E}.Debug|Any CPU.ActiveCfg = Debug|Any CPU
		{11B7AAEF-69CF-48E4-A301-B48AFEEEC62E}.Debug|Any CPU.Build.0 = Debug|Any CPU
		{11B7AAEF-69CF-48E4-A301-B48AFEEEC62E}.Release|Any CPU.ActiveCfg = Release|Any CPU
		{11B7AAEF-69CF-48E4-A301-B48AFEEEC62E}.Release|Any CPU.Build.0 = Release|Any CPU
	EndGlobalSection
	GlobalSection(SolutionProperties) = preSolution
		HideSolutionNode = FALSE
	EndGlobalSection
	GlobalSection(ExtensibilityGlobals) = postSolution
		SolutionGuid = {CAFF1B15-1064-48FA-A189-5D83A4B0D02A}
	EndGlobalSection
EndGlobal
